
Microsoft Visual Studio Solution File, Format Version 12.00
# Visual Studio Version 16
VisualStudioVersion = 16.0.808.7
MinimumVisualStudioVersion = 10.0.40219.1
Project("{FAE04EC0-301F-11D3-BF4B-00C04F79EFBC}") = "Library", "Library\Library.csproj", "{D89D3C05-B027-48EC-A868-B3FBF72A3C79}"
EndProject
Project("{FAE04EC0-301F-11D3-BF4B-00C04F79EFBC}") = "LibraryData", "LibraryData\LibraryData.csproj", "{1837484D-0621-49A8-8CE6-3DB8E5EE8AFF}"
EndProject
Global
	GlobalSection(SolutionConfigurationPlatforms) = preSolution
		Debug|Any CPU = Debug|Any CPU
		Release|Any CPU = Release|Any CPU
	EndGlobalSection
	GlobalSection(ProjectConfigurationPlatforms) = postSolution
		{D89D3C05-B027-48EC-A868-B3FBF72A3C79}.Debug|Any CPU.ActiveCfg = Debug|Any CPU
		{D89D3C05-B027-48EC-A868-B3FBF72A3C79}.Debug|Any CPU.Build.0 = Debug|Any CPU
		{D89D3C05-B027-48EC-A868-B3FBF72A3C79}.Release|Any CPU.ActiveCfg = Release|Any CPU
		{D89D3C05-B027-48EC-A868-B3FBF72A3C79}.Release|Any CPU.Build.0 = Release|Any CPU
		{1837484D-0621-49A8-8CE6-3DB8E5EE8AFF}.Debug|Any CPU.ActiveCfg = Debug|Any CPU
		{1837484D-0621-49A8-8CE6-3DB8E5EE8AFF}.Debug|Any CPU.Build.0 = Debug|Any CPU
		{1837484D-0621-49A8-8CE6-3DB8E5EE8AFF}.Release|Any CPU.ActiveCfg = Release|Any CPU
		{1837484D-0621-49A8-8CE6-3DB8E5EE8AFF}.Release|Any CPU.Build.0 = Release|Any CPU
	EndGlobalSection
	GlobalSection(SolutionProperties) = preSolution
		HideSolutionNode = FALSE
	EndGlobalSection
	GlobalSection(ExtensibilityGlobals) = postSolution
		SolutionGuid = {251293B5-2733-460E-9A19-3EA7FE63D402}
	EndGlobalSection
EndGlobal
